
Microsoft Visual Studio Solution File, Format Version 12.00
# Visual Studio Version 17
VisualStudioVersion = 17.13.35825.156 d17.13
MinimumVisualStudioVersion = 10.0.40219.1
Project("{FAE04EC0-301F-11D3-BF4B-00C04F79EFBC}") = "HelloWorld_Client_Generated", "HelloWorld_Client_Generated.csproj", "{9B3B9766-9B4C-42A7-9A2B-F0DFE0BB29B7}"
EndProject
Global
	GlobalSection(SolutionConfigurationPlatforms) = preSolution
		Debug|Any CPU = Debug|Any CPU
		Release|Any CPU = Release|Any CPU
	EndGlobalSection
	GlobalSection(ProjectConfigurationPlatforms) = postSolution
		{9B3B9766-9B4C-42A7-9A2B-F0DFE0BB29B7}.Debug|Any CPU.ActiveCfg = Debug|Any CPU
		{9B3B9766-9B4C-42A7-9A2B-F0DFE0BB29B7}.Debug|Any CPU.Build.0 = Debug|Any CPU
		{9B3B9766-9B4C-42A7-9A2B-F0DFE0BB29B7}.Release|Any CPU.ActiveCfg = Release|Any CPU
		{9B3B9766-9B4C-42A7-9A2B-F0DFE0BB29B7}.Release|Any CPU.Build.0 = Release|Any CPU
	EndGlobalSection
	GlobalSection(SolutionProperties) = preSolution
		HideSolutionNode = FALSE
	EndGlobalSection
	GlobalSection(ExtensibilityGlobals) = postSolution
		SolutionGuid = {EF458369-E8EE-41D7-B4A3-A903AA3F64F4}
	EndGlobalSection
EndGlobal
